
Microsoft Visual Studio Solution File, Format Version 12.00
# Visual Studio Version 16
VisualStudioVersion = 16.0.30717.126
MinimumVisualStudioVersion = 10.0.40219.1
Project("{FAE04EC0-301F-11D3-BF4B-00C04F79EFBC}") = "ClientWCF", "ClientWCF\ClientWCF.csproj", "{88B5C22D-F97C-4614-9BAE-DB5D8A54B1FF}"
EndProject
Project("{FAE04EC0-301F-11D3-BF4B-00C04F79EFBC}") = "ServiceWCF", "ServiceWCF\ServiceWCF.csproj", "{043B7EBF-99DD-4ACD-8A22-7594885BCA42}"
EndProject
Project("{FAE04EC0-301F-11D3-BF4B-00C04F79EFBC}") = "WinServiceWCF", "WinServiceWCF\WinServiceWCF.csproj", "{34E249FB-38A0-47B1-B681-0DF027A5F70C}"
EndProject
Global
	GlobalSection(SolutionConfigurationPlatforms) = preSolution
		Debug|Any CPU = Debug|Any CPU
		Debug|Itanium = Debug|Itanium
		Debug|x64 = Debug|x64
		Debug|x86 = Debug|x86
		Release|Any CPU = Release|Any CPU
		Release|Itanium = Release|Itanium
		Release|x64 = Release|x64
		Release|x86 = Release|x86
	EndGlobalSection
	GlobalSection(ProjectConfigurationPlatforms) = postSolution
		{88B5C22D-F97C-4614-9BAE-DB5D8A54B1FF}.Debug|Any CPU.ActiveCfg = Debug|Any CPU
		{88B5C22D-F97C-4614-9BAE-DB5D8A54B1FF}.Debug|Any CPU.Build.0 = Debug|Any CPU
		{88B5C22D-F97C-4614-9BAE-DB5D8A54B1FF}.Debug|Itanium.ActiveCfg = Debug|Any CPU
		{88B5C22D-F97C-4614-9BAE-DB5D8A54B1FF}.Debug|Itanium.Build.0 = Debug|Any CPU
		{88B5C22D-F97C-4614-9BAE-DB5D8A54B1FF}.Debug|x64.ActiveCfg = Debug|Any CPU
		{88B5C22D-F97C-4614-9BAE-DB5D8A54B1FF}.Debug|x64.Build.0 = Debug|Any CPU
		{88B5C22D-F97C-4614-9BAE-DB5D8A54B1FF}.Debug|x86.ActiveCfg = Debug|Any CPU
		{88B5C22D-F97C-4614-9BAE-DB5D8A54B1FF}.Debug|x86.Build.0 = Debug|Any CPU
		{88B5C22D-F97C-4614-9BAE-DB5D8A54B1FF}.Release|Any CPU.ActiveCfg = Release|Any CPU
		{88B5C22D-F97C-4614-9BAE-DB5D8A54B1FF}.Release|Any CPU.Build.0 = Release|Any CPU
		{88B5C22D-F97C-4614-9BAE-DB5D8A54B1FF}.Release|Itanium.ActiveCfg = Release|Any CPU
		{88B5C22D-F97C-4614-9BAE-DB5D8A54B1FF}.Release|Itanium.Build.0 = Release|Any CPU
		{88B5C22D-F97C-4614-9BAE-DB5D8A54B1FF}.Release|x64.ActiveCfg = Release|Any CPU
		{88B5C22D-F97C-4614-9BAE-DB5D8A54B1FF}.Release|x64.Build.0 = Release|Any CPU
		{88B5C22D-F97C-4614-9BAE-DB5D8A54B1FF}.Release|x86.ActiveCfg = Release|Any CPU
		{88B5C22D-F97C-4614-9BAE-DB5D8A54B1FF}.Release|x86.Build.0 = Release|Any CPU
		{043B7EBF-99DD-4ACD-8A22-7594885BCA42}.Debug|Any CPU.ActiveCfg = Debug|Any CPU
		{043B7EBF-99DD-4ACD-8A22-7594885BCA42}.Debug|Any CPU.Build.0 = Debug|Any CPU
		{043B7EBF-99DD-4ACD-8A22-7594885BCA42}.Debug|Itanium.ActiveCfg = Debug|Any CPU
		{043B7EBF-99DD-4ACD-8A22-7594885BCA42}.Debug|Itanium.Build.0 = Debug|Any CPU
		{043B7EBF-99DD-4ACD-8A22-7594885BCA42}.Debug|x64.ActiveCfg = Debug|Any CPU
		{043B7EBF-99DD-4ACD-8A22-7594885BCA42}.Debug|x64.Build.0 = Debug|Any CPU
		{043B7EBF-99DD-4ACD-8A22-7594885BCA42}.Debug|x86.ActiveCfg = Debug|Any CPU
		{043B7EBF-99DD-4ACD-8A22-7594885BCA42}.Debug|x86.Build.0 = Debug|Any CPU
		{043B7EBF-99DD-4ACD-8A22-7594885BCA42}.Release|Any CPU.ActiveCfg = Release|Any CPU
		{043B7EBF-99DD-4ACD-8A22-7594885BCA42}.Release|Any CPU.Build.0 = Release|Any CPU
		{043B7EBF-99DD-4ACD-8A22-7594885BCA42}.Release|Itanium.ActiveCfg = Release|Any CPU
		{043B7EBF-99DD-4ACD-8A22-7594885BCA42}.Release|Itanium.Build.0 = Release|Any CPU
		{043B7EBF-99DD-4ACD-8A22-7594885BCA42}.Release|x64.ActiveCfg = Release|Any CPU
		{043B7EBF-99DD-4ACD-8A22-7594885BCA42}.Release|x64.Build.0 = Release|Any CPU
		{043B7EBF-99DD-4ACD-8A22-7594885BCA42}.Release|x86.ActiveCfg = Release|Any CPU
		{043B7EBF-99DD-4ACD-8A22-7594885BCA42}.Release|x86.Build.0 = Release|Any CPU
		{34E249FB-38A0-47B1-B681-0DF027A5F70C}.Debug|Any CPU.ActiveCfg = Debug|Any CPU
		{34E249FB-38A0-47B1-B681-0DF027A5F70C}.Debug|Any CPU.Build.0 = Debug|Any CPU
		{34E249FB-38A0-47B1-B681-0DF027A5F70C}.Debug|Itanium.ActiveCfg = Debug|Any CPU
		{34E249FB-38A0-47B1-B681-0DF027A5F70C}.Debug|Itanium.Build.0 = Debug|Any CPU
		{34E249FB-38A0-47B1-B681-0DF027A5F70C}.Debug|x64.ActiveCfg = Debug|Any CPU
		{34E249FB-38A0-47B1-B681-0DF027A5F70C}.Debug|x64.Build.0 = Debug|Any CPU
		{34E249FB-38A0-47B1-B681-0DF027A5F70C}.Debug|x86.ActiveCfg = Debug|Any CPU
		{34E249FB-38A0-47B1-B681-0DF027A5F70C}.Debug|x86.Build.0 = Debug|Any CPU
		{34E249FB-38A0-47B1-B681-0DF027A5F70C}.Release|Any CPU.ActiveCfg = Release|Any CPU
		{34E249FB-38A0-47B1-B681-0DF027A5F70C}.Release|Any CPU.Build.0 = Release|Any CPU
		{34E249FB-38A0-47B1-B681-0DF027A5F70C}.Release|Itanium.ActiveCfg = Release|Any CPU
		{34E249FB-38A0-47B1-B681-0DF027A5F70C}.Release|Itanium.Build.0 = Release|Any CPU
		{34E249FB-38A0-47B1-B681-0DF027A5F70C}.Release|x64.ActiveCfg = Release|Any CPU
		{34E249FB-38A0-47B1-B681-0DF027A5F70C}.Release|x64.Build.0 = Release|Any CPU
		{34E249FB-38A0-47B1-B681-0DF027A5F70C}.Release|x86.ActiveCfg = Release|Any CPU
		{34E249FB-38A0-47B1-B681-0DF027A5F70C}.Release|x86.Build.0 = Release|Any CPU
	EndGlobalSection
	GlobalSection(SolutionProperties) = preSolution
		HideSolutionNode = FALSE
	EndGlobalSection
	GlobalSection(ExtensibilityGlobals) = postSolution
		SolutionGuid = {C884EB31-6769-4DD5-A166-74F59E4DB59C}
	EndGlobalSection
EndGlobal
